<Solution>
  <Project Path="MILL5/MILL03.Views/MILL03.Views.csproj" Id="a4beb0ae-60ff-4b7d-a3ea-4278cdd04516">
    <Deploy Solution="Debug|*" />
  </Project>
  <Project Path="MILL5/MILL06.Data/MILL06.Data.csproj" />
  <Project Path="MILL5/MILL06.ViewModels/MILL06.ViewModels.csproj" />
  <Project Path="MILL5/MILL09.Models/MILL09.Models.csproj" />
  <Project Path="MILL5/MILL12.Services/MILL12.Services.csproj" />
  <Project Path="MILL5/MILL80.Infrastructure/MILL80.Infrastructure.csproj" />
  <Project Path="MILL5/MILL90.Tests/MILL90.Tests.csproj" />
</Solution>
